
Microsoft Visual Studio Solution File, Format Version 12.00
# Visual Studio 15
VisualStudioVersion = 15.0.28307.757
MinimumVisualStudioVersion = 10.0.40219.1
Project("{2150E333-8FDC-42A3-9474-1A3956D46DE8}") = "Business", "Business", "{CC084410-E897-4469-8952-996CB1942F36}"
EndProject
Project("{2150E333-8FDC-42A3-9474-1A3956D46DE8}") = "Data", "Data", "{1767E93C-31B3-4FE7-B595-6F989901BFCE}"
EndProject
Project("{2150E333-8FDC-42A3-9474-1A3956D46DE8}") = "Core", "Core", "{96A182C9-4313-40F3-8984-F98EE7AA05A9}"
EndProject
Project("{2150E333-8FDC-42A3-9474-1A3956D46DE8}") = "Tools", "Tools", "{06AAA1AF-09F4-4255-BFF4-37A7830060D3}"
EndProject
Project("{2150E333-8FDC-42A3-9474-1A3956D46DE8}") = "Integration", "Integration", "{E75A88CC-0CE6-4BBC-944D-709674C14113}"
EndProject
Project("{2150E333-8FDC-42A3-9474-1A3956D46DE8}") = "Marketplace", "Marketplace", "{AE57C601-23EA-4128-ACFB-168869C7FD8E}"
EndProject
Project("{FAE04EC0-301F-11D3-BF4B-00C04F79EFBC}") = "Ophelia", "Core\Ophelia\Ophelia.csproj", "{6ED74A5B-DBDF-46BE-B7A0-497920BD7529}"
EndProject
Project("{2150E333-8FDC-42A3-9474-1A3956D46DE8}") = "View", "View", "{9001F261-5DFC-41B3-8DCA-7443004D066E}"
EndProject
Project("{2150E333-8FDC-42A3-9474-1A3956D46DE8}") = "Web", "Web", "{5DCD6B9C-D71E-4566-B00C-371BD8CE5CA4}"
EndProject
Project("{FAE04EC0-301F-11D3-BF4B-00C04F79EFBC}") = "Ophelia.Business.Payment", "Business\Payment\Ophelia.Business.Payment.csproj", "{EC6271C0-7626-4D6D-8A7A-E1158DD04934}"
EndProject
Project("{FAE04EC0-301F-11D3-BF4B-00C04F79EFBC}") = "Ophelia.Globalization", "Core\Globalization\Ophelia.Globalization.csproj", "{D547AE3B-F6F7-43BC-89D6-E7275A15FC5D}"
EndProject
Project("{FAE04EC0-301F-11D3-BF4B-00C04F79EFBC}") = "Ophelia.Data", "Data\Data\Ophelia.Data.csproj", "{65B6E4B7-6857-406A-9145-9F51C29F0614}"
EndProject
Project("{FAE04EC0-301F-11D3-BF4B-00C04F79EFBC}") = "Ophelia.Data.EntityFramework", "Data\EntityFramework\Ophelia.Data.EntityFramework.csproj", "{3B231488-74F5-4497-9802-1D997D43D55D}"
EndProject
Project("{FAE04EC0-301F-11D3-BF4B-00C04F79EFBC}") = "Ophelia.Integration.C2CMarket.GittiGidiyor", "Integration\Marketplace\GittiGidiyor\Ophelia.Integration.C2CMarket.GittiGidiyor.csproj", "{09523AD1-E0B7-40CC-811A-B0A8BBEB3F4C}"
EndProject
Project("{FAE04EC0-301F-11D3-BF4B-00C04F79EFBC}") = "Ophelia.Integration.C2CMarket.N11", "Integration\Marketplace\N11\Ophelia.Integration.C2CMarket.N11.csproj", "{6ACC5FFF-1F7A-453A-A92C-5215649EFC08}"
EndProject
Project("{FAE04EC0-301F-11D3-BF4B-00C04F79EFBC}") = "Ophelia.Mobile", "Tools\Mobile\Ophelia.Mobile.csproj", "{35E8216C-4E3C-46BD-8BD3-91FF34A44270}"
EndProject
Project("{FAE04EC0-301F-11D3-BF4B-00C04F79EFBC}") = "Ophelia.Social", "Tools\Social\Ophelia.Social.csproj", "{67E8FA11-0886-480E-A026-98A2EBB6FE91}"
EndProject
Project("{FAE04EC0-301F-11D3-BF4B-00C04F79EFBC}") = "Ophelia.Tools.QRCode", "Tools\QRCode\Ophelia.Tools.QRCode.csproj", "{C811B4F9-8245-4C4F-8A85-01C665938928}"
EndProject
Project("{FAE04EC0-301F-11D3-BF4B-00C04F79EFBC}") = "Ophelia.Web", "View\Web\Web\Ophelia.Web.csproj", "{732AE156-646E-4037-9713-EAC8E462B2F9}"
EndProject
Project("{FAE04EC0-301F-11D3-BF4B-00C04F79EFBC}") = "Ophelia.Web.View.Mvc", "View\Web\Mvc\Ophelia.Web.View.Mvc.csproj", "{ED6EF9BA-8695-45E0-9A4B-D37E787CF7BB}"
EndProject
Project("{2150E333-8FDC-42A3-9474-1A3956D46DE8}") = "Mailing", "Mailing", "{1B119DD8-FE9B-4D39-A3B3-8CAFE470DC94}"
EndProject
Project("{FAE04EC0-301F-11D3-BF4B-00C04F79EFBC}") = "Ophelia.Integration.Mailing.EuroMsg", "Integration\Mailing\Ophelia.Integration.Mailing.EuroMsg\Ophelia.Integration.Mailing.EuroMsg.csproj", "{B4946AEB-C2F0-4E00-8934-5239A13218F6}"
EndProject
Project("{2150E333-8FDC-42A3-9474-1A3956D46DE8}") = "Microsoft", "Microsoft", "{5DB9AEC1-E1B9-49F3-9485-ED34031F3C16}"
EndProject
Project("{FAE04EC0-301F-11D3-BF4B-00C04F79EFBC}") = "Ophelia.Integration.Microsoft.ActiveDirectory", "Integration\Microsoft\Ophelia.Integration.Microsoft.ActiveDirectory\Ophelia.Integration.Microsoft.ActiveDirectory.csproj", "{8D0DE303-E74E-444C-BF76-4302368E8D09}"
EndProject
Project("{2150E333-8FDC-42A3-9474-1A3956D46DE8}") = "SMS", "SMS", "{2643DA6E-393F-4604-9F73-D09E48322FAE}"
EndProject
Project("{FAE04EC0-301F-11D3-BF4B-00C04F79EFBC}") = "Ophelia.Integration.SMS", "Integration\SMS\Ophelia.Integration.SMS\Ophelia.Integration.SMS.csproj", "{AC29D135-3126-4406-9AE2-DE08D4E807BE}"
EndProject
Project("{FAE04EC0-301F-11D3-BF4B-00C04F79EFBC}") = "Ophelia.Data.Exporter", "Data\Exporter\Ophelia.Data.Exporter.csproj", "{A846AB62-98F3-4F1F-99DE-35C89691151C}"
EndProject
Project("{FAE04EC0-301F-11D3-BF4B-00C04F79EFBC}") = "Ophelia.IO", "Core\IO\Ophelia.IO.csproj", "{854D6C8E-3B68-4F4F-A88B-3FE62A33E5FC}"
EndProject
Project("{2150E333-8FDC-42A3-9474-1A3956D46DE8}") = "CDN", "CDN", "{1923DA4B-ABEE-46C6-B709-853250928C74}"
EndProject
Project("{FAE04EC0-301F-11D3-BF4B-00C04F79EFBC}") = "Ophelia.Integration.CDN", "Integration\CDN\Ophelia.Integration.CDN\Ophelia.Integration.CDN.csproj", "{EEFDD171-75BB-41FD-A735-A912A1571979}"
EndProject
Project("{FAE04EC0-301F-11D3-BF4B-00C04F79EFBC}") = "Ophelia.Tools.RSS", "Tools\RSS\Ophelia.Tools.RSS\Ophelia.Tools.RSS.csproj", "{5D387760-707D-457C-8D1B-0B0530B068D8}"
EndProject
Project("{FAE04EC0-301F-11D3-BF4B-00C04F79EFBC}") = "Ophelia.Data.Importer", "Data\Importer\Ophelia.Data.Importer\Ophelia.Data.Importer.csproj", "{3D3C4D07-06C1-4F61-BC51-E0BD5E46490F}"
EndProject
Project("{2150E333-8FDC-42A3-9474-1A3956D46DE8}") = "I18NService", "I18NService", "{BE7BE335-603D-4FB5-B4A0-835F84FA176E}"
EndProject
Project("{FAE04EC0-301F-11D3-BF4B-00C04F79EFBC}") = "Ophelia.Integration.I18NService", "Integration\I18NService\Ophelia.Integration.I18NService.csproj", "{B1A5F4C6-38A9-4B27-9756-F96437632203}"
EndProject
Global
	GlobalSection(SolutionConfigurationPlatforms) = preSolution
		Debug|Any CPU = Debug|Any CPU
		Release|Any CPU = Release|Any CPU
	EndGlobalSection
	GlobalSection(ProjectConfigurationPlatforms) = postSolution
		{6ED74A5B-DBDF-46BE-B7A0-497920BD7529}.Debug|Any CPU.ActiveCfg = Debug|Any CPU
		{6ED74A5B-DBDF-46BE-B7A0-497920BD7529}.Debug|Any CPU.Build.0 = Debug|Any CPU
		{6ED74A5B-DBDF-46BE-B7A0-497920BD7529}.Release|Any CPU.ActiveCfg = Release|Any CPU
		{6ED74A5B-DBDF-46BE-B7A0-497920BD7529}.Release|Any CPU.Build.0 = Release|Any CPU
		{EC6271C0-7626-4D6D-8A7A-E1158DD04934}.Debug|Any CPU.ActiveCfg = Debug|Any CPU
		{EC6271C0-7626-4D6D-8A7A-E1158DD04934}.Debug|Any CPU.Build.0 = Debug|Any CPU
		{EC6271C0-7626-4D6D-8A7A-E1158DD04934}.Release|Any CPU.ActiveCfg = Release|Any CPU
		{EC6271C0-7626-4D6D-8A7A-E1158DD04934}.Release|Any CPU.Build.0 = Release|Any CPU
		{D547AE3B-F6F7-43BC-89D6-E7275A15FC5D}.Debug|Any CPU.ActiveCfg = Debug|Any CPU
		{D547AE3B-F6F7-43BC-89D6-E7275A15FC5D}.Debug|Any CPU.Build.0 = Debug|Any CPU
		{D547AE3B-F6F7-43BC-89D6-E7275A15FC5D}.Release|Any CPU.ActiveCfg = Release|Any CPU
		{D547AE3B-F6F7-43BC-89D6-E7275A15FC5D}.Release|Any CPU.Build.0 = Release|Any CPU
		{65B6E4B7-6857-406A-9145-9F51C29F0614}.Debug|Any CPU.ActiveCfg = Debug|Any CPU
		{65B6E4B7-6857-406A-9145-9F51C29F0614}.Debug|Any CPU.Build.0 = Debug|Any CPU
		{65B6E4B7-6857-406A-9145-9F51C29F0614}.Release|Any CPU.ActiveCfg = Release|Any CPU
		{65B6E4B7-6857-406A-9145-9F51C29F0614}.Release|Any CPU.Build.0 = Release|Any CPU
		{3B231488-74F5-4497-9802-1D997D43D55D}.Debug|Any CPU.ActiveCfg = Debug|Any CPU
		{3B231488-74F5-4497-9802-1D997D43D55D}.Debug|Any CPU.Build.0 = Debug|Any CPU
		{3B231488-74F5-4497-9802-1D997D43D55D}.Release|Any CPU.ActiveCfg = Release|Any CPU
		{3B231488-74F5-4497-9802-1D997D43D55D}.Release|Any CPU.Build.0 = Release|Any CPU
		{09523AD1-E0B7-40CC-811A-B0A8BBEB3F4C}.Debug|Any CPU.ActiveCfg = Debug|Any CPU
		{09523AD1-E0B7-40CC-811A-B0A8BBEB3F4C}.Debug|Any CPU.Build.0 = Debug|Any CPU
		{09523AD1-E0B7-40CC-811A-B0A8BBEB3F4C}.Release|Any CPU.ActiveCfg = Release|Any CPU
		{09523AD1-E0B7-40CC-811A-B0A8BBEB3F4C}.Release|Any CPU.Build.0 = Release|Any CPU
		{6ACC5FFF-1F7A-453A-A92C-5215649EFC08}.Debug|Any CPU.ActiveCfg = Debug|Any CPU
		{6ACC5FFF-1F7A-453A-A92C-5215649EFC08}.Debug|Any CPU.Build.0 = Debug|Any CPU
		{6ACC5FFF-1F7A-453A-A92C-5215649EFC08}.Release|Any CPU.ActiveCfg = Release|Any CPU
		{6ACC5FFF-1F7A-453A-A92C-5215649EFC08}.Release|Any CPU.Build.0 = Release|Any CPU
		{35E8216C-4E3C-46BD-8BD3-91FF34A44270}.Debug|Any CPU.ActiveCfg = Debug|Any CPU
		{35E8216C-4E3C-46BD-8BD3-91FF34A44270}.Debug|Any CPU.Build.0 = Debug|Any CPU
		{35E8216C-4E3C-46BD-8BD3-91FF34A44270}.Release|Any CPU.ActiveCfg = Release|Any CPU
		{35E8216C-4E3C-46BD-8BD3-91FF34A44270}.Release|Any CPU.Build.0 = Release|Any CPU
		{67E8FA11-0886-480E-A026-98A2EBB6FE91}.Debug|Any CPU.ActiveCfg = Debug|Any CPU
		{67E8FA11-0886-480E-A026-98A2EBB6FE91}.Debug|Any CPU.Build.0 = Debug|Any CPU
		{67E8FA11-0886-480E-A026-98A2EBB6FE91}.Release|Any CPU.ActiveCfg = Release|Any CPU
		{67E8FA11-0886-480E-A026-98A2EBB6FE91}.Release|Any CPU.Build.0 = Release|Any CPU
		{C811B4F9-8245-4C4F-8A85-01C665938928}.Debug|Any CPU.ActiveCfg = Debug|Any CPU
		{C811B4F9-8245-4C4F-8A85-01C665938928}.Debug|Any CPU.Build.0 = Debug|Any CPU
		{C811B4F9-8245-4C4F-8A85-01C665938928}.Release|Any CPU.ActiveCfg = Release|Any CPU
		{C811B4F9-8245-4C4F-8A85-01C665938928}.Release|Any CPU.Build.0 = Release|Any CPU
		{732AE156-646E-4037-9713-EAC8E462B2F9}.Debug|Any CPU.ActiveCfg = Debug|Any CPU
		{732AE156-646E-4037-9713-EAC8E462B2F9}.Debug|Any CPU.Build.0 = Debug|Any CPU
		{732AE156-646E-4037-9713-EAC8E462B2F9}.Release|Any CPU.ActiveCfg = Release|Any CPU
		{732AE156-646E-4037-9713-EAC8E462B2F9}.Release|Any CPU.Build.0 = Release|Any CPU
		{ED6EF9BA-8695-45E0-9A4B-D37E787CF7BB}.Debug|Any CPU.ActiveCfg = Debug|Any CPU
		{ED6EF9BA-8695-45E0-9A4B-D37E787CF7BB}.Debug|Any CPU.Build.0 = Debug|Any CPU
		{ED6EF9BA-8695-45E0-9A4B-D37E787CF7BB}.Release|Any CPU.ActiveCfg = Release|Any CPU
		{ED6EF9BA-8695-45E0-9A4B-D37E787CF7BB}.Release|Any CPU.Build.0 = Release|Any CPU
		{B4946AEB-C2F0-4E00-8934-5239A13218F6}.Debug|Any CPU.ActiveCfg = Debug|Any CPU
		{B4946AEB-C2F0-4E00-8934-5239A13218F6}.Debug|Any CPU.Build.0 = Debug|Any CPU
		{B4946AEB-C2F0-4E00-8934-5239A13218F6}.Release|Any CPU.ActiveCfg = Release|Any CPU
		{B4946AEB-C2F0-4E00-8934-5239A13218F6}.Release|Any CPU.Build.0 = Release|Any CPU
		{8D0DE303-E74E-444C-BF76-4302368E8D09}.Debug|Any CPU.ActiveCfg = Debug|Any CPU
		{8D0DE303-E74E-444C-BF76-4302368E8D09}.Debug|Any CPU.Build.0 = Debug|Any CPU
		{8D0DE303-E74E-444C-BF76-4302368E8D09}.Release|Any CPU.ActiveCfg = Release|Any CPU
		{8D0DE303-E74E-444C-BF76-4302368E8D09}.Release|Any CPU.Build.0 = Release|Any CPU
		{AC29D135-3126-4406-9AE2-DE08D4E807BE}.Debug|Any CPU.ActiveCfg = Debug|Any CPU
		{AC29D135-3126-4406-9AE2-DE08D4E807BE}.Debug|Any CPU.Build.0 = Debug|Any CPU
		{AC29D135-3126-4406-9AE2-DE08D4E807BE}.Release|Any CPU.ActiveCfg = Release|Any CPU
		{AC29D135-3126-4406-9AE2-DE08D4E807BE}.Release|Any CPU.Build.0 = Release|Any CPU
		{A846AB62-98F3-4F1F-99DE-35C89691151C}.Debug|Any CPU.ActiveCfg = Debug|Any CPU
		{A846AB62-98F3-4F1F-99DE-35C89691151C}.Debug|Any CPU.Build.0 = Debug|Any CPU
		{A846AB62-98F3-4F1F-99DE-35C89691151C}.Release|Any CPU.ActiveCfg = Release|Any CPU
		{A846AB62-98F3-4F1F-99DE-35C89691151C}.Release|Any CPU.Build.0 = Release|Any CPU
		{854D6C8E-3B68-4F4F-A88B-3FE62A33E5FC}.Debug|Any CPU.ActiveCfg = Debug|Any CPU
		{854D6C8E-3B68-4F4F-A88B-3FE62A33E5FC}.Debug|Any CPU.Build.0 = Debug|Any CPU
		{854D6C8E-3B68-4F4F-A88B-3FE62A33E5FC}.Release|Any CPU.ActiveCfg = Release|Any CPU
		{854D6C8E-3B68-4F4F-A88B-3FE62A33E5FC}.Release|Any CPU.Build.0 = Release|Any CPU
		{EEFDD171-75BB-41FD-A735-A912A1571979}.Debug|Any CPU.ActiveCfg = Debug|Any CPU
		{EEFDD171-75BB-41FD-A735-A912A1571979}.Debug|Any CPU.Build.0 = Debug|Any CPU
		{EEFDD171-75BB-41FD-A735-A912A1571979}.Release|Any CPU.ActiveCfg = Release|Any CPU
		{EEFDD171-75BB-41FD-A735-A912A1571979}.Release|Any CPU.Build.0 = Release|Any CPU
		{5D387760-707D-457C-8D1B-0B0530B068D8}.Debug|Any CPU.ActiveCfg = Debug|Any CPU
		{5D387760-707D-457C-8D1B-0B0530B068D8}.Debug|Any CPU.Build.0 = Debug|Any CPU
		{5D387760-707D-457C-8D1B-0B0530B068D8}.Release|Any CPU.ActiveCfg = Release|Any CPU
		{5D387760-707D-457C-8D1B-0B0530B068D8}.Release|Any CPU.Build.0 = Release|Any CPU
		{3D3C4D07-06C1-4F61-BC51-E0BD5E46490F}.Debug|Any CPU.ActiveCfg = Debug|Any CPU
		{3D3C4D07-06C1-4F61-BC51-E0BD5E46490F}.Debug|Any CPU.Build.0 = Debug|Any CPU
		{3D3C4D07-06C1-4F61-BC51-E0BD5E46490F}.Release|Any CPU.ActiveCfg = Release|Any CPU
		{3D3C4D07-06C1-4F61-BC51-E0BD5E46490F}.Release|Any CPU.Build.0 = Release|Any CPU
		{B1A5F4C6-38A9-4B27-9756-F96437632203}.Debug|Any CPU.ActiveCfg = Debug|Any CPU
		{B1A5F4C6-38A9-4B27-9756-F96437632203}.Debug|Any CPU.Build.0 = Debug|Any CPU
		{B1A5F4C6-38A9-4B27-9756-F96437632203}.Release|Any CPU.ActiveCfg = Release|Any CPU
		{B1A5F4C6-38A9-4B27-9756-F96437632203}.Release|Any CPU.Build.0 = Release|Any CPU
	EndGlobalSection
	GlobalSection(SolutionProperties) = preSolution
		HideSolutionNode = FALSE
	EndGlobalSection
	GlobalSection(NestedProjects) = preSolution
		{AE57C601-23EA-4128-ACFB-168869C7FD8E} = {E75A88CC-0CE6-4BBC-944D-709674C14113}
		{6ED74A5B-DBDF-46BE-B7A0-497920BD7529} = {96A182C9-4313-40F3-8984-F98EE7AA05A9}
		{5DCD6B9C-D71E-4566-B00C-371BD8CE5CA4} = {9001F261-5DFC-41B3-8DCA-7443004D066E}
		{EC6271C0-7626-4D6D-8A7A-E1158DD04934} = {CC084410-E897-4469-8952-996CB1942F36}
		{D547AE3B-F6F7-43BC-89D6-E7275A15FC5D} = {96A182C9-4313-40F3-8984-F98EE7AA05A9}
		{65B6E4B7-6857-406A-9145-9F51C29F0614} = {1767E93C-31B3-4FE7-B595-6F989901BFCE}
		{3B231488-74F5-4497-9802-1D997D43D55D} = {1767E93C-31B3-4FE7-B595-6F989901BFCE}
		{09523AD1-E0B7-40CC-811A-B0A8BBEB3F4C} = {AE57C601-23EA-4128-ACFB-168869C7FD8E}
		{6ACC5FFF-1F7A-453A-A92C-5215649EFC08} = {AE57C601-23EA-4128-ACFB-168869C7FD8E}
		{35E8216C-4E3C-46BD-8BD3-91FF34A44270} = {06AAA1AF-09F4-4255-BFF4-37A7830060D3}
		{67E8FA11-0886-480E-A026-98A2EBB6FE91} = {06AAA1AF-09F4-4255-BFF4-37A7830060D3}
		{C811B4F9-8245-4C4F-8A85-01C665938928} = {06AAA1AF-09F4-4255-BFF4-37A7830060D3}
		{732AE156-646E-4037-9713-EAC8E462B2F9} = {5DCD6B9C-D71E-4566-B00C-371BD8CE5CA4}
		{ED6EF9BA-8695-45E0-9A4B-D37E787CF7BB} = {5DCD6B9C-D71E-4566-B00C-371BD8CE5CA4}
		{1B119DD8-FE9B-4D39-A3B3-8CAFE470DC94} = {E75A88CC-0CE6-4BBC-944D-709674C14113}
		{B4946AEB-C2F0-4E00-8934-5239A13218F6} = {1B119DD8-FE9B-4D39-A3B3-8CAFE470DC94}
		{5DB9AEC1-E1B9-49F3-9485-ED34031F3C16} = {E75A88CC-0CE6-4BBC-944D-709674C14113}
		{8D0DE303-E74E-444C-BF76-4302368E8D09} = {5DB9AEC1-E1B9-49F3-9485-ED34031F3C16}
		{2643DA6E-393F-4604-9F73-D09E48322FAE} = {E75A88CC-0CE6-4BBC-944D-709674C14113}
		{AC29D135-3126-4406-9AE2-DE08D4E807BE} = {2643DA6E-393F-4604-9F73-D09E48322FAE}
		{A846AB62-98F3-4F1F-99DE-35C89691151C} = {1767E93C-31B3-4FE7-B595-6F989901BFCE}
		{854D6C8E-3B68-4F4F-A88B-3FE62A33E5FC} = {96A182C9-4313-40F3-8984-F98EE7AA05A9}
		{1923DA4B-ABEE-46C6-B709-853250928C74} = {E75A88CC-0CE6-4BBC-944D-709674C14113}
		{EEFDD171-75BB-41FD-A735-A912A1571979} = {1923DA4B-ABEE-46C6-B709-853250928C74}
		{5D387760-707D-457C-8D1B-0B0530B068D8} = {06AAA1AF-09F4-4255-BFF4-37A7830060D3}
		{3D3C4D07-06C1-4F61-BC51-E0BD5E46490F} = {1767E93C-31B3-4FE7-B595-6F989901BFCE}
		{BE7BE335-603D-4FB5-B4A0-835F84FA176E} = {E75A88CC-0CE6-4BBC-944D-709674C14113}
		{B1A5F4C6-38A9-4B27-9756-F96437632203} = {BE7BE335-603D-4FB5-B4A0-835F84FA176E}
	EndGlobalSection
	GlobalSection(ExtensibilityGlobals) = postSolution
		SolutionGuid = {FCA9CB92-9DFA-4803-B071-82537168C72E}
	EndGlobalSection
EndGlobal
